
Microsoft Visual Studio Solution File, Format Version 12.00
# Visual Studio 14
VisualStudioVersion = 14.0.25420.1
MinimumVisualStudioVersion = 10.0.40219.1
Project("{FAE04EC0-301F-11D3-BF4B-00C04F79EFBC}") = "IISManagement", "IISManagement\IISManagement\IISManagement.csproj", "{BCD952DD-38C0-49CD-9EDD-0436AE97D1BF}"
EndProject
Project("{FAE04EC0-301F-11D3-BF4B-00C04F79EFBC}") = "IISManagement.Droid", "IISManagement\IISManagement.Droid\IISManagement.Droid.csproj", "{5DA3A07D-1C6D-4DA4-8942-82034B1B59E2}"
EndProject
Project("{FAE04EC0-301F-11D3-BF4B-00C04F79EFBC}") = "IISManagement.iOS", "IISManagement\IISManagement.iOS\IISManagement.iOS.csproj", "{5BE1C5E4-9C40-4E67-AD12-89A1B77B3A75}"
EndProject
Project("{FAE04EC0-301F-11D3-BF4B-00C04F79EFBC}") = "IISManagement.WinPhone", "IISManagement\IISManagement.WinPhone\IISManagement.WinPhone.csproj", "{B89798BB-784C-4651-BFC4-D5CC874C95F1}"
EndProject
Project("{FAE04EC0-301F-11D3-BF4B-00C04F79EFBC}") = "IISManagement.UWP", "IISManagement\IISManagement.UWP\IISManagement.UWP.csproj", "{B33A5282-38E0-4D7F-B464-D545C1FF1F0E}"
EndProject
Project("{FAE04EC0-301F-11D3-BF4B-00C04F79EFBC}") = "IISManagement.Windows", "IISManagement\IISManagement.Windows\IISManagement.Windows.csproj", "{DA60418D-1F50-428B-B902-D765E1634F0C}"
EndProject
Global
	GlobalSection(SolutionConfigurationPlatforms) = preSolution
		Ad-Hoc|Any CPU = Ad-Hoc|Any CPU
		Ad-Hoc|ARM = Ad-Hoc|ARM
		Ad-Hoc|iPhone = Ad-Hoc|iPhone
		Ad-Hoc|iPhoneSimulator = Ad-Hoc|iPhoneSimulator
		Ad-Hoc|x64 = Ad-Hoc|x64
		Ad-Hoc|x86 = Ad-Hoc|x86
		AppStore|Any CPU = AppStore|Any CPU
		AppStore|ARM = AppStore|ARM
		AppStore|iPhone = AppStore|iPhone
		AppStore|iPhoneSimulator = AppStore|iPhoneSimulator
		AppStore|x64 = AppStore|x64
		AppStore|x86 = AppStore|x86
		Debug|Any CPU = Debug|Any CPU
		Debug|ARM = Debug|ARM
		Debug|iPhone = Debug|iPhone
		Debug|iPhoneSimulator = Debug|iPhoneSimulator
		Debug|x64 = Debug|x64
		Debug|x86 = Debug|x86
		Release|Any CPU = Release|Any CPU
		Release|ARM = Release|ARM
		Release|iPhone = Release|iPhone
		Release|iPhoneSimulator = Release|iPhoneSimulator
		Release|x64 = Release|x64
		Release|x86 = Release|x86
	EndGlobalSection
	GlobalSection(ProjectConfigurationPlatforms) = postSolution
		{BCD952DD-38C0-49CD-9EDD-0436AE97D1BF}.Ad-Hoc|Any CPU.ActiveCfg = Release|Any CPU
		{BCD952DD-38C0-49CD-9EDD-0436AE97D1BF}.Ad-Hoc|Any CPU.Build.0 = Release|Any CPU
		{BCD952DD-38C0-49CD-9EDD-0436AE97D1BF}.Ad-Hoc|ARM.ActiveCfg = Release|Any CPU
		{BCD952DD-38C0-49CD-9EDD-0436AE97D1BF}.Ad-Hoc|ARM.Build.0 = Release|Any CPU
		{BCD952DD-38C0-49CD-9EDD-0436AE97D1BF}.Ad-Hoc|iPhone.ActiveCfg = Release|Any CPU
		{BCD952DD-38C0-49CD-9EDD-0436AE97D1BF}.Ad-Hoc|iPhone.Build.0 = Release|Any CPU
		{BCD952DD-38C0-49CD-9EDD-0436AE97D1BF}.Ad-Hoc|iPhoneSimulator.ActiveCfg = Release|Any CPU
		{BCD952DD-38C0-49CD-9EDD-0436AE97D1BF}.Ad-Hoc|iPhoneSimulator.Build.0 = Release|Any CPU
		{BCD952DD-38C0-49CD-9EDD-0436AE97D1BF}.Ad-Hoc|x64.ActiveCfg = Release|Any CPU
		{BCD952DD-38C0-49CD-9EDD-0436AE97D1BF}.Ad-Hoc|x64.Build.0 = Release|Any CPU
		{BCD952DD-38C0-49CD-9EDD-0436AE97D1BF}.Ad-Hoc|x86.ActiveCfg = Release|Any CPU
		{BCD952DD-38C0-49CD-9EDD-0436AE97D1BF}.Ad-Hoc|x86.Build.0 = Release|Any CPU
		{BCD952DD-38C0-49CD-9EDD-0436AE97D1BF}.AppStore|Any CPU.ActiveCfg = Release|Any CPU
		{BCD952DD-38C0-49CD-9EDD-0436AE97D1BF}.AppStore|Any CPU.Build.0 = Release|Any CPU
		{BCD952DD-38C0-49CD-9EDD-0436AE97D1BF}.AppStore|ARM.ActiveCfg = Release|Any CPU
		{BCD952DD-38C0-49CD-9EDD-0436AE97D1BF}.AppStore|ARM.Build.0 = Release|Any CPU
		{BCD952DD-38C0-49CD-9EDD-0436AE97D1BF}.AppStore|iPhone.ActiveCfg = Release|Any CPU
		{BCD952DD-38C0-49CD-9EDD-0436AE97D1BF}.AppStore|iPhone.Build.0 = Release|Any CPU
		{BCD952DD-38C0-49CD-9EDD-0436AE97D1BF}.AppStore|iPhoneSimulator.ActiveCfg = Release|Any CPU
		{BCD952DD-38C0-49CD-9EDD-0436AE97D1BF}.AppStore|iPhoneSimulator.Build.0 = Release|Any CPU
		{BCD952DD-38C0-49CD-9EDD-0436AE97D1BF}.AppStore|x64.ActiveCfg = Release|Any CPU
		{BCD952DD-38C0-49CD-9EDD-0436AE97D1BF}.AppStore|x64.Build.0 = Release|Any CPU
		{BCD952DD-38C0-49CD-9EDD-0436AE97D1BF}.AppStore|x86.ActiveCfg = Release|Any CPU
		{BCD952DD-38C0-49CD-9EDD-0436AE97D1BF}.AppStore|x86.Build.0 = Release|Any CPU
		{BCD952DD-38C0-49CD-9EDD-0436AE97D1BF}.Debug|Any CPU.ActiveCfg = Debug|Any CPU
		{BCD952DD-38C0-49CD-9EDD-0436AE97D1BF}.Debug|Any CPU.Build.0 = Debug|Any CPU
		{BCD952DD-38C0-49CD-9EDD-0436AE97D1BF}.Debug|ARM.ActiveCfg = Debug|Any CPU
		{BCD952DD-38C0-49CD-9EDD-0436AE97D1BF}.Debug|ARM.Build.0 = Debug|Any CPU
		{BCD952DD-38C0-49CD-9EDD-0436AE97D1BF}.Debug|iPhone.ActiveCfg = Debug|Any CPU
		{BCD952DD-38C0-49CD-9EDD-0436AE97D1BF}.Debug|iPhone.Build.0 = Debug|Any CPU
		{BCD952DD-38C0-49CD-9EDD-0436AE97D1BF}.Debug|iPhoneSimulator.ActiveCfg = Debug|Any CPU
		{BCD952DD-38C0-49CD-9EDD-0436AE97D1BF}.Debug|iPhoneSimulator.Build.0 = Debug|Any CPU
		{BCD952DD-38C0-49CD-9EDD-0436AE97D1BF}.Debug|x64.ActiveCfg = Debug|Any CPU
		{BCD952DD-38C0-49CD-9EDD-0436AE97D1BF}.Debug|x64.Build.0 = Debug|Any CPU
		{BCD952DD-38C0-49CD-9EDD-0436AE97D1BF}.Debug|x86.ActiveCfg = Debug|Any CPU
		{BCD952DD-38C0-49CD-9EDD-0436AE97D1BF}.Debug|x86.Build.0 = Debug|Any CPU
		{BCD952DD-38C0-49CD-9EDD-0436AE97D1BF}.Release|Any CPU.ActiveCfg = Release|Any CPU
		{BCD952DD-38C0-49CD-9EDD-0436AE97D1BF}.Release|Any CPU.Build.0 = Release|Any CPU
		{BCD952DD-38C0-49CD-9EDD-0436AE97D1BF}.Release|ARM.ActiveCfg = Release|Any CPU
		{BCD952DD-38C0-49CD-9EDD-0436AE97D1BF}.Release|ARM.Build.0 = Release|Any CPU
		{BCD952DD-38C0-49CD-9EDD-0436AE97D1BF}.Release|iPhone.ActiveCfg = Release|Any CPU
		{BCD952DD-38C0-49CD-9EDD-0436AE97D1BF}.Release|iPhone.Build.0 = Release|Any CPU
		{BCD952DD-38C0-49CD-9EDD-0436AE97D1BF}.Release|iPhoneSimulator.ActiveCfg = Release|Any CPU
		{BCD952DD-38C0-49CD-9EDD-0436AE97D1BF}.Release|iPhoneSimulator.Build.0 = Release|Any CPU
		{BCD952DD-38C0-49CD-9EDD-0436AE97D1BF}.Release|x64.ActiveCfg = Release|Any CPU
		{BCD952DD-38C0-49CD-9EDD-0436AE97D1BF}.Release|x64.Build.0 = Release|Any CPU
		{BCD952DD-38C0-49CD-9EDD-0436AE97D1BF}.Release|x86.ActiveCfg = Release|Any CPU
		{BCD952DD-38C0-49CD-9EDD-0436AE97D1BF}.Release|x86.Build.0 = Release|Any CPU
		{5DA3A07D-1C6D-4DA4-8942-82034B1B59E2}.Ad-Hoc|Any CPU.ActiveCfg = Release|Any CPU
		{5DA3A07D-1C6D-4DA4-8942-82034B1B59E2}.Ad-Hoc|Any CPU.Build.0 = Release|Any CPU
		{5DA3A07D-1C6D-4DA4-8942-82034B1B59E2}.Ad-Hoc|Any CPU.Deploy.0 = Release|Any CPU
		{5DA3A07D-1C6D-4DA4-8942-82034B1B59E2}.Ad-Hoc|ARM.ActiveCfg = Release|Any CPU
		{5DA3A07D-1C6D-4DA4-8942-82034B1B59E2}.Ad-Hoc|ARM.Build.0 = Release|Any CPU
		{5DA3A07D-1C6D-4DA4-8942-82034B1B59E2}.Ad-Hoc|ARM.Deploy.0 = Release|Any CPU
		{5DA3A07D-1C6D-4DA4-8942-82034B1B59E2}.Ad-Hoc|iPhone.ActiveCfg = Release|Any CPU
		{5DA3A07D-1C6D-4DA4-8942-82034B1B59E2}.Ad-Hoc|iPhone.Build.0 = Release|Any CPU
		{5DA3A07D-1C6D-4DA4-8942-82034B1B59E2}.Ad-Hoc|iPhone.Deploy.0 = Release|Any CPU
		{5DA3A07D-1C6D-4DA4-8942-82034B1B59E2}.Ad-Hoc|iPhoneSimulator.ActiveCfg = Release|Any CPU
		{5DA3A07D-1C6D-4DA4-8942-82034B1B59E2}.Ad-Hoc|iPhoneSimulator.Build.0 = Release|Any CPU
		{5DA3A07D-1C6D-4DA4-8942-82034B1B59E2}.Ad-Hoc|iPhoneSimulator.Deploy.0 = Release|Any CPU
		{5DA3A07D-1C6D-4DA4-8942-82034B1B59E2}.Ad-Hoc|x64.ActiveCfg = Release|Any CPU
		{5DA3A07D-1C6D-4DA4-8942-82034B1B59E2}.Ad-Hoc|x64.Build.0 = Release|Any CPU
		{5DA3A07D-1C6D-4DA4-8942-82034B1B59E2}.Ad-Hoc|x64.Deploy.0 = Release|Any CPU
		{5DA3A07D-1C6D-4DA4-8942-82034B1B59E2}.Ad-Hoc|x86.ActiveCfg = Release|Any CPU
		{5DA3A07D-1C6D-4DA4-8942-82034B1B59E2}.Ad-Hoc|x86.Build.0 = Release|Any CPU
		{5DA3A07D-1C6D-4DA4-8942-82034B1B59E2}.Ad-Hoc|x86.Deploy.0 = Release|Any CPU
		{5DA3A07D-1C6D-4DA4-8942-82034B1B59E2}.AppStore|Any CPU.ActiveCfg = Release|Any CPU
		{5DA3A07D-1C6D-4DA4-8942-82034B1B59E2}.AppStore|Any CPU.Build.0 = Release|Any CPU
		{5DA3A07D-1C6D-4DA4-8942-82034B1B59E2}.AppStore|Any CPU.Deploy.0 = Release|Any CPU
		{5DA3A07D-1C6D-4DA4-8942-82034B1B59E2}.AppStore|ARM.ActiveCfg = Release|Any CPU
		{5DA3A07D-1C6D-4DA4-8942-82034B1B59E2}.AppStore|ARM.Build.0 = Release|Any CPU
		{5DA3A07D-1C6D-4DA4-8942-82034B1B59E2}.AppStore|ARM.Deploy.0 = Release|Any CPU
		{5DA3A07D-1C6D-4DA4-8942-82034B1B59E2}.AppStore|iPhone.ActiveCfg = Release|Any CPU
		{5DA3A07D-1C6D-4DA4-8942-82034B1B59E2}.AppStore|iPhone.Build.0 = Release|Any CPU
		{5DA3A07D-1C6D-4DA4-8942-82034B1B59E2}.AppStore|iPhone.Deploy.0 = Release|Any CPU
		{5DA3A07D-1C6D-4DA4-8942-82034B1B59E2}.AppStore|iPhoneSimulator.ActiveCfg = Release|Any CPU
		{5DA3A07D-1C6D-4DA4-8942-82034B1B59E2}.AppStore|iPhoneSimulator.Build.0 = Release|Any CPU
		{5DA3A07D-1C6D-4DA4-8942-82034B1B59E2}.AppStore|iPhoneSimulator.Deploy.0 = Release|Any CPU
		{5DA3A07D-1C6D-4DA4-8942-82034B1B59E2}.AppStore|x64.ActiveCfg = Release|Any CPU
		{5DA3A07D-1C6D-4DA4-8942-82034B1B59E2}.AppStore|x64.Build.0 = Release|Any CPU
		{5DA3A07D-1C6D-4DA4-8942-82034B1B59E2}.AppStore|x64.Deploy.0 = Release|Any CPU
		{5DA3A07D-1C6D-4DA4-8942-82034B1B59E2}.AppStore|x86.ActiveCfg = Release|Any CPU
		{5DA3A07D-1C6D-4DA4-8942-82034B1B59E2}.AppStore|x86.Build.0 = Release|Any CPU
		{5DA3A07D-1C6D-4DA4-8942-82034B1B59E2}.AppStore|x86.Deploy.0 = Release|Any CPU
		{5DA3A07D-1C6D-4DA4-8942-82034B1B59E2}.Debug|Any CPU.ActiveCfg = Debug|Any CPU
		{5DA3A07D-1C6D-4DA4-8942-82034B1B59E2}.Debug|Any CPU.Build.0 = Debug|Any CPU
		{5DA3A07D-1C6D-4DA4-8942-82034B1B59E2}.Debug|Any CPU.Deploy.0 = Debug|Any CPU
		{5DA3A07D-1C6D-4DA4-8942-82034B1B59E2}.Debug|ARM.ActiveCfg = Debug|Any CPU
		{5DA3A07D-1C6D-4DA4-8942-82034B1B59E2}.Debug|ARM.Build.0 = Debug|Any CPU
		{5DA3A07D-1C6D-4DA4-8942-82034B1B59E2}.Debug|ARM.Deploy.0 = Debug|Any CPU
		{5DA3A07D-1C6D-4DA4-8942-82034B1B59E2}.Debug|iPhone.ActiveCfg = Debug|Any CPU
		{5DA3A07D-1C6D-4DA4-8942-82034B1B59E2}.Debug|iPhone.Build.0 = Debug|Any CPU
		{5DA3A07D-1C6D-4DA4-8942-82034B1B59E2}.Debug|iPhone.Deploy.0 = Debug|Any CPU
		{5DA3A07D-1C6D-4DA4-8942-82034B1B59E2}.Debug|iPhoneSimulator.ActiveCfg = Debug|Any CPU
		{5DA3A07D-1C6D-4DA4-8942-82034B1B59E2}.Debug|iPhoneSimulator.Build.0 = Debug|Any CPU
		{5DA3A07D-1C6D-4DA4-8942-82034B1B59E2}.Debug|iPhoneSimulator.Deploy.0 = Debug|Any CPU
		{5DA3A07D-1C6D-4DA4-8942-82034B1B59E2}.Debug|x64.ActiveCfg = Debug|Any CPU
		{5DA3A07D-1C6D-4DA4-8942-82034B1B59E2}.Debug|x64.Build.0 = Debug|Any CPU
		{5DA3A07D-1C6D-4DA4-8942-82034B1B59E2}.Debug|x64.Deploy.0 = Debug|Any CPU
		{5DA3A07D-1C6D-4DA4-8942-82034B1B59E2}.Debug|x86.ActiveCfg = Debug|Any CPU
		{5DA3A07D-1C6D-4DA4-8942-82034B1B59E2}.Debug|x86.Build.0 = Debug|Any CPU
		{5DA3A07D-1C6D-4DA4-8942-82034B1B59E2}.Debug|x86.Deploy.0 = Debug|Any CPU
		{5DA3A07D-1C6D-4DA4-8942-82034B1B59E2}.Release|Any CPU.ActiveCfg = Release|Any CPU
		{5DA3A07D-1C6D-4DA4-8942-82034B1B59E2}.Release|Any CPU.Build.0 = Release|Any CPU
		{5DA3A07D-1C6D-4DA4-8942-82034B1B59E2}.Release|Any CPU.Deploy.0 = Release|Any CPU
		{5DA3A07D-1C6D-4DA4-8942-82034B1B59E2}.Release|ARM.ActiveCfg = Release|Any CPU
		{5DA3A07D-1C6D-4DA4-8942-82034B1B59E2}.Release|ARM.Build.0 = Release|Any CPU
		{5DA3A07D-1C6D-4DA4-8942-82034B1B59E2}.Release|ARM.Deploy.0 = Release|Any CPU
		{5DA3A07D-1C6D-4DA4-8942-82034B1B59E2}.Release|iPhone.ActiveCfg = Release|Any CPU
		{5DA3A07D-1C6D-4DA4-8942-82034B1B59E2}.Release|iPhone.Build.0 = Release|Any CPU
		{5DA3A07D-1C6D-4DA4-8942-82034B1B59E2}.Release|iPhone.Deploy.0 = Release|Any CPU
		{5DA3A07D-1C6D-4DA4-8942-82034B1B59E2}.Release|iPhoneSimulator.ActiveCfg = Release|Any CPU
		{5DA3A07D-1C6D-4DA4-8942-82034B1B59E2}.Release|iPhoneSimulator.Build.0 = Release|Any CPU
		{5DA3A07D-1C6D-4DA4-8942-82034B1B59E2}.Release|iPhoneSimulator.Deploy.0 = Release|Any CPU
		{5DA3A07D-1C6D-4DA4-8942-82034B1B59E2}.Release|x64.ActiveCfg = Release|Any CPU
		{5DA3A07D-1C6D-4DA4-8942-82034B1B59E2}.Release|x64.Build.0 = Release|Any CPU
		{5DA3A07D-1C6D-4DA4-8942-82034B1B59E2}.Release|x64.Deploy.0 = Release|Any CPU
		{5DA3A07D-1C6D-4DA4-8942-82034B1B59E2}.Release|x86.ActiveCfg = Release|Any CPU
		{5DA3A07D-1C6D-4DA4-8942-82034B1B59E2}.Release|x86.Build.0 = Release|Any CPU
		{5DA3A07D-1C6D-4DA4-8942-82034B1B59E2}.Release|x86.Deploy.0 = Release|Any CPU
		{5BE1C5E4-9C40-4E67-AD12-89A1B77B3A75}.Ad-Hoc|Any CPU.ActiveCfg = Ad-Hoc|iPhone
		{5BE1C5E4-9C40-4E67-AD12-89A1B77B3A75}.Ad-Hoc|ARM.ActiveCfg = Ad-Hoc|iPhone
		{5BE1C5E4-9C40-4E67-AD12-89A1B77B3A75}.Ad-Hoc|iPhone.ActiveCfg = Ad-Hoc|iPhone
		{5BE1C5E4-9C40-4E67-AD12-89A1B77B3A75}.Ad-Hoc|iPhone.Build.0 = Ad-Hoc|iPhone
		{5BE1C5E4-9C40-4E67-AD12-89A1B77B3A75}.Ad-Hoc|iPhoneSimulator.ActiveCfg = Ad-Hoc|iPhoneSimulator
		{5BE1C5E4-9C40-4E67-AD12-89A1B77B3A75}.Ad-Hoc|iPhoneSimulator.Build.0 = Ad-Hoc|iPhoneSimulator
		{5BE1C5E4-9C40-4E67-AD12-89A1B77B3A75}.Ad-Hoc|x64.ActiveCfg = Ad-Hoc|iPhone
		{5BE1C5E4-9C40-4E67-AD12-89A1B77B3A75}.Ad-Hoc|x86.ActiveCfg = Ad-Hoc|iPhone
		{5BE1C5E4-9C40-4E67-AD12-89A1B77B3A75}.AppStore|Any CPU.ActiveCfg = AppStore|iPhone
		{5BE1C5E4-9C40-4E67-AD12-89A1B77B3A75}.AppStore|ARM.ActiveCfg = AppStore|iPhone
		{5BE1C5E4-9C40-4E67-AD12-89A1B77B3A75}.AppStore|iPhone.ActiveCfg = AppStore|iPhone
		{5BE1C5E4-9C40-4E67-AD12-89A1B77B3A75}.AppStore|iPhone.Build.0 = AppStore|iPhone
		{5BE1C5E4-9C40-4E67-AD12-89A1B77B3A75}.AppStore|iPhoneSimulator.ActiveCfg = AppStore|iPhoneSimulator
		{5BE1C5E4-9C40-4E67-AD12-89A1B77B3A75}.AppStore|iPhoneSimulator.Build.0 = AppStore|iPhoneSimulator
		{5BE1C5E4-9C40-4E67-AD12-89A1B77B3A75}.AppStore|x64.ActiveCfg = AppStore|iPhone
		{5BE1C5E4-9C40-4E67-AD12-89A1B77B3A75}.AppStore|x86.ActiveCfg = AppStore|iPhone
		{5BE1C5E4-9C40-4E67-AD12-89A1B77B3A75}.Debug|Any CPU.ActiveCfg = Debug|iPhone
		{5BE1C5E4-9C40-4E67-AD12-89A1B77B3A75}.Debug|ARM.ActiveCfg = Debug|iPhone
		{5BE1C5E4-9C40-4E67-AD12-89A1B77B3A75}.Debug|iPhone.ActiveCfg = Debug|iPhone
		{5BE1C5E4-9C40-4E67-AD12-89A1B77B3A75}.Debug|iPhone.Build.0 = Debug|iPhone
		{5BE1C5E4-9C40-4E67-AD12-89A1B77B3A75}.Debug|iPhoneSimulator.ActiveCfg = Debug|iPhoneSimulator
		{5BE1C5E4-9C40-4E67-AD12-89A1B77B3A75}.Debug|iPhoneSimulator.Build.0 = Debug|iPhoneSimulator
		{5BE1C5E4-9C40-4E67-AD12-89A1B77B3A75}.Debug|x64.ActiveCfg = Debug|iPhone
		{5BE1C5E4-9C40-4E67-AD12-89A1B77B3A75}.Debug|x86.ActiveCfg = Debug|iPhone
		{5BE1C5E4-9C40-4E67-AD12-89A1B77B3A75}.Release|Any CPU.ActiveCfg = Release|iPhone
		{5BE1C5E4-9C40-4E67-AD12-89A1B77B3A75}.Release|ARM.ActiveCfg = Release|iPhone
		{5BE1C5E4-9C40-4E67-AD12-89A1B77B3A75}.Release|iPhone.ActiveCfg = Release|iPhone
		{5BE1C5E4-9C40-4E67-AD12-89A1B77B3A75}.Release|iPhone.Build.0 = Release|iPhone
		{5BE1C5E4-9C40-4E67-AD12-89A1B77B3A75}.Release|iPhoneSimulator.ActiveCfg = Release|iPhoneSimulator
		{5BE1C5E4-9C40-4E67-AD12-89A1B77B3A75}.Release|iPhoneSimulator.Build.0 = Release|iPhoneSimulator
		{5BE1C5E4-9C40-4E67-AD12-89A1B77B3A75}.Release|x64.ActiveCfg = Release|iPhone
		{5BE1C5E4-9C40-4E67-AD12-89A1B77B3A75}.Release|x86.ActiveCfg = Release|iPhone
		{B89798BB-784C-4651-BFC4-D5CC874C95F1}.Ad-Hoc|Any CPU.ActiveCfg = Release|Any CPU
		{B89798BB-784C-4651-BFC4-D5CC874C95F1}.Ad-Hoc|Any CPU.Build.0 = Release|Any CPU
		{B89798BB-784C-4651-BFC4-D5CC874C95F1}.Ad-Hoc|Any CPU.Deploy.0 = Release|Any CPU
		{B89798BB-784C-4651-BFC4-D5CC874C95F1}.Ad-Hoc|ARM.ActiveCfg = Release|ARM
		{B89798BB-784C-4651-BFC4-D5CC874C95F1}.Ad-Hoc|ARM.Build.0 = Release|ARM
		{B89798BB-784C-4651-BFC4-D5CC874C95F1}.Ad-Hoc|ARM.Deploy.0 = Release|ARM
		{B89798BB-784C-4651-BFC4-D5CC874C95F1}.Ad-Hoc|iPhone.ActiveCfg = Release|Any CPU
		{B89798BB-784C-4651-BFC4-D5CC874C95F1}.Ad-Hoc|iPhone.Build.0 = Release|Any CPU
		{B89798BB-784C-4651-BFC4-D5CC874C95F1}.Ad-Hoc|iPhone.Deploy.0 = Release|Any CPU
		{B89798BB-784C-4651-BFC4-D5CC874C95F1}.Ad-Hoc|iPhoneSimulator.ActiveCfg = Release|Any CPU
		{B89798BB-784C-4651-BFC4-D5CC874C95F1}.Ad-Hoc|iPhoneSimulator.Build.0 = Release|Any CPU
		{B89798BB-784C-4651-BFC4-D5CC874C95F1}.Ad-Hoc|iPhoneSimulator.Deploy.0 = Release|Any CPU
		{B89798BB-784C-4651-BFC4-D5CC874C95F1}.Ad-Hoc|x64.ActiveCfg = Release|Any CPU
		{B89798BB-784C-4651-BFC4-D5CC874C95F1}.Ad-Hoc|x64.Build.0 = Release|Any CPU
		{B89798BB-784C-4651-BFC4-D5CC874C95F1}.Ad-Hoc|x64.Deploy.0 = Release|Any CPU
		{B89798BB-784C-4651-BFC4-D5CC874C95F1}.Ad-Hoc|x86.ActiveCfg = Release|x86
		{B89798BB-784C-4651-BFC4-D5CC874C95F1}.Ad-Hoc|x86.Build.0 = Release|x86
		{B89798BB-784C-4651-BFC4-D5CC874C95F1}.Ad-Hoc|x86.Deploy.0 = Release|x86
		{B89798BB-784C-4651-BFC4-D5CC874C95F1}.AppStore|Any CPU.ActiveCfg = Release|Any CPU
		{B89798BB-784C-4651-BFC4-D5CC874C95F1}.AppStore|Any CPU.Build.0 = Release|Any CPU
		{B89798BB-784C-4651-BFC4-D5CC874C95F1}.AppStore|Any CPU.Deploy.0 = Release|Any CPU
		{B89798BB-784C-4651-BFC4-D5CC874C95F1}.AppStore|ARM.ActiveCfg = Release|ARM
		{B89798BB-784C-4651-BFC4-D5CC874C95F1}.AppStore|ARM.Build.0 = Release|ARM
		{B89798BB-784C-4651-BFC4-D5CC874C95F1}.AppStore|ARM.Deploy.0 = Release|ARM
		{B89798BB-784C-4651-BFC4-D5CC874C95F1}.AppStore|iPhone.ActiveCfg = Release|Any CPU
		{B89798BB-784C-4651-BFC4-D5CC874C95F1}.AppStore|iPhone.Build.0 = Release|Any CPU
		{B89798BB-784C-4651-BFC4-D5CC874C95F1}.AppStore|iPhone.Deploy.0 = Release|Any CPU
		{B89798BB-784C-4651-BFC4-D5CC874C95F1}.AppStore|iPhoneSimulator.ActiveCfg = Release|Any CPU
		{B89798BB-784C-4651-BFC4-D5CC874C95F1}.AppStore|iPhoneSimulator.Build.0 = Release|Any CPU
		{B89798BB-784C-4651-BFC4-D5CC874C95F1}.AppStore|iPhoneSimulator.Deploy.0 = Release|Any CPU
		{B89798BB-784C-4651-BFC4-D5CC874C95F1}.AppStore|x64.ActiveCfg = Release|Any CPU
		{B89798BB-784C-4651-BFC4-D5CC874C95F1}.AppStore|x64.Build.0 = Release|Any CPU
		{B89798BB-784C-4651-BFC4-D5CC874C95F1}.AppStore|x64.Deploy.0 = Release|Any CPU
		{B89798BB-784C-4651-BFC4-D5CC874C95F1}.AppStore|x86.ActiveCfg = Release|x86
		{B89798BB-784C-4651-BFC4-D5CC874C95F1}.AppStore|x86.Build.0 = Release|x86
		{B89798BB-784C-4651-BFC4-D5CC874C95F1}.AppStore|x86.Deploy.0 = Release|x86
		{B89798BB-784C-4651-BFC4-D5CC874C95F1}.Debug|Any CPU.ActiveCfg = Debug|Any CPU
		{B89798BB-784C-4651-BFC4-D5CC874C95F1}.Debug|Any CPU.Build.0 = Debug|Any CPU
		{B89798BB-784C-4651-BFC4-D5CC874C95F1}.Debug|Any CPU.Deploy.0 = Debug|Any CPU
		{B89798BB-784C-4651-BFC4-D5CC874C95F1}.Debug|ARM.ActiveCfg = Debug|ARM
		{B89798BB-784C-4651-BFC4-D5CC874C95F1}.Debug|ARM.Build.0 = Debug|ARM
		{B89798BB-784C-4651-BFC4-D5CC874C95F1}.Debug|ARM.Deploy.0 = Debug|ARM
		{B89798BB-784C-4651-BFC4-D5CC874C95F1}.Debug|iPhone.ActiveCfg = Debug|Any CPU
		{B89798BB-784C-4651-BFC4-D5CC874C95F1}.Debug|iPhone.Build.0 = Debug|Any CPU
		{B89798BB-784C-4651-BFC4-D5CC874C95F1}.Debug|iPhone.Deploy.0 = Debug|Any CPU
		{B89798BB-784C-4651-BFC4-D5CC874C95F1}.Debug|iPhoneSimulator.ActiveCfg = Debug|Any CPU
		{B89798BB-784C-4651-BFC4-D5CC874C95F1}.Debug|iPhoneSimulator.Build.0 = Debug|Any CPU
		{B89798BB-784C-4651-BFC4-D5CC874C95F1}.Debug|iPhoneSimulator.Deploy.0 = Debug|Any CPU
		{B89798BB-784C-4651-BFC4-D5CC874C95F1}.Debug|x64.ActiveCfg = Debug|Any CPU
		{B89798BB-784C-4651-BFC4-D5CC874C95F1}.Debug|x64.Build.0 = Debug|Any CPU
		{B89798BB-784C-4651-BFC4-D5CC874C95F1}.Debug|x64.Deploy.0 = Debug|Any CPU
		{B89798BB-784C-4651-BFC4-D5CC874C95F1}.Debug|x86.ActiveCfg = Debug|x86
		{B89798BB-784C-4651-BFC4-D5CC874C95F1}.Debug|x86.Build.0 = Debug|x86
		{B89798BB-784C-4651-BFC4-D5CC874C95F1}.Debug|x86.Deploy.0 = Debug|x86
		{B89798BB-784C-4651-BFC4-D5CC874C95F1}.Release|Any CPU.ActiveCfg = Release|Any CPU
		{B89798BB-784C-4651-BFC4-D5CC874C95F1}.Release|Any CPU.Build.0 = Release|Any CPU
		{B89798BB-784C-4651-BFC4-D5CC874C95F1}.Release|Any CPU.Deploy.0 = Release|Any CPU
		{B89798BB-784C-4651-BFC4-D5CC874C95F1}.Release|ARM.ActiveCfg = Release|ARM
		{B89798BB-784C-4651-BFC4-D5CC874C95F1}.Release|ARM.Build.0 = Release|ARM
		{B89798BB-784C-4651-BFC4-D5CC874C95F1}.Release|ARM.Deploy.0 = Release|ARM
		{B89798BB-784C-4651-BFC4-D5CC874C95F1}.Release|iPhone.ActiveCfg = Release|Any CPU
		{B89798BB-784C-4651-BFC4-D5CC874C95F1}.Release|iPhone.Build.0 = Release|Any CPU
		{B89798BB-784C-4651-BFC4-D5CC874C95F1}.Release|iPhone.Deploy.0 = Release|Any CPU
		{B89798BB-784C-4651-BFC4-D5CC874C95F1}.Release|iPhoneSimulator.ActiveCfg = Release|Any CPU
		{B89798BB-784C-4651-BFC4-D5CC874C95F1}.Release|iPhoneSimulator.Build.0 = Release|Any CPU
		{B89798BB-784C-4651-BFC4-D5CC874C95F1}.Release|iPhoneSimulator.Deploy.0 = Release|Any CPU
		{B89798BB-784C-4651-BFC4-D5CC874C95F1}.Release|x64.ActiveCfg = Release|Any CPU
		{B89798BB-784C-4651-BFC4-D5CC874C95F1}.Release|x64.Build.0 = Release|Any CPU
		{B89798BB-784C-4651-BFC4-D5CC874C95F1}.Release|x64.Deploy.0 = Release|Any CPU
		{B89798BB-784C-4651-BFC4-D5CC874C95F1}.Release|x86.ActiveCfg = Release|x86
		{B89798BB-784C-4651-BFC4-D5CC874C95F1}.Release|x86.Build.0 = Release|x86
		{B89798BB-784C-4651-BFC4-D5CC874C95F1}.Release|x86.Deploy.0 = Release|x86
		{B33A5282-38E0-4D7F-B464-D545C1FF1F0E}.Ad-Hoc|Any CPU.ActiveCfg = Release|x86
		{B33A5282-38E0-4D7F-B464-D545C1FF1F0E}.Ad-Hoc|Any CPU.Build.0 = Release|x86
		{B33A5282-38E0-4D7F-B464-D545C1FF1F0E}.Ad-Hoc|Any CPU.Deploy.0 = Release|x86
		{B33A5282-38E0-4D7F-B464-D545C1FF1F0E}.Ad-Hoc|ARM.ActiveCfg = Release|ARM
		{B33A5282-38E0-4D7F-B464-D545C1FF1F0E}.Ad-Hoc|ARM.Build.0 = Release|ARM
		{B33A5282-38E0-4D7F-B464-D545C1FF1F0E}.Ad-Hoc|ARM.Deploy.0 = Release|ARM
		{B33A5282-38E0-4D7F-B464-D545C1FF1F0E}.Ad-Hoc|iPhone.ActiveCfg = Release|x86
		{B33A5282-38E0-4D7F-B464-D545C1FF1F0E}.Ad-Hoc|iPhone.Build.0 = Release|x86
		{B33A5282-38E0-4D7F-B464-D545C1FF1F0E}.Ad-Hoc|iPhone.Deploy.0 = Release|x86
		{B33A5282-38E0-4D7F-B464-D545C1FF1F0E}.Ad-Hoc|iPhoneSimulator.ActiveCfg = Release|x86
		{B33A5282-38E0-4D7F-B464-D545C1FF1F0E}.Ad-Hoc|iPhoneSimulator.Build.0 = Release|x86
		{B33A5282-38E0-4D7F-B464-D545C1FF1F0E}.Ad-Hoc|iPhoneSimulator.Deploy.0 = Release|x86
		{B33A5282-38E0-4D7F-B464-D545C1FF1F0E}.Ad-Hoc|x64.ActiveCfg = Release|x64
		{B33A5282-38E0-4D7F-B464-D545C1FF1F0E}.Ad-Hoc|x64.Build.0 = Release|x64
		{B33A5282-38E0-4D7F-B464-D545C1FF1F0E}.Ad-Hoc|x64.Deploy.0 = Release|x64
		{B33A5282-38E0-4D7F-B464-D545C1FF1F0E}.Ad-Hoc|x86.ActiveCfg = Release|x86
		{B33A5282-38E0-4D7F-B464-D545C1FF1F0E}.Ad-Hoc|x86.Build.0 = Release|x86
		{B33A5282-38E0-4D7F-B464-D545C1FF1F0E}.Ad-Hoc|x86.Deploy.0 = Release|x86
		{B33A5282-38E0-4D7F-B464-D545C1FF1F0E}.AppStore|Any CPU.ActiveCfg = Release|x86
		{B33A5282-38E0-4D7F-B464-D545C1FF1F0E}.AppStore|Any CPU.Build.0 = Release|x86
		{B33A5282-38E0-4D7F-B464-D545C1FF1F0E}.AppStore|Any CPU.Deploy.0 = Release|x86
		{B33A5282-38E0-4D7F-B464-D545C1FF1F0E}.AppStore|ARM.ActiveCfg = Release|ARM
		{B33A5282-38E0-4D7F-B464-D545C1FF1F0E}.AppStore|ARM.Build.0 = Release|ARM
		{B33A5282-38E0-4D7F-B464-D545C1FF1F0E}.AppStore|ARM.Deploy.0 = Release|ARM
		{B33A5282-38E0-4D7F-B464-D545C1FF1F0E}.AppStore|iPhone.ActiveCfg = Release|x86
		{B33A5282-38E0-4D7F-B464-D545C1FF1F0E}.AppStore|iPhone.Build.0 = Release|x86
		{B33A5282-38E0-4D7F-B464-D545C1FF1F0E}.AppStore|iPhone.Deploy.0 = Release|x86
		{B33A5282-38E0-4D7F-B464-D545C1FF1F0E}.AppStore|iPhoneSimulator.ActiveCfg = Release|x86
		{B33A5282-38E0-4D7F-B464-D545C1FF1F0E}.AppStore|iPhoneSimulator.Build.0 = Release|x86
		{B33A5282-38E0-4D7F-B464-D545C1FF1F0E}.AppStore|iPhoneSimulator.Deploy.0 = Release|x86
		{B33A5282-38E0-4D7F-B464-D545C1FF1F0E}.AppStore|x64.ActiveCfg = Release|x64
		{B33A5282-38E0-4D7F-B464-D545C1FF1F0E}.AppStore|x64.Build.0 = Release|x64
		{B33A5282-38E0-4D7F-B464-D545C1FF1F0E}.AppStore|x64.Deploy.0 = Release|x64
		{B33A5282-38E0-4D7F-B464-D545C1FF1F0E}.AppStore|x86.ActiveCfg = Release|x86
		{B33A5282-38E0-4D7F-B464-D545C1FF1F0E}.AppStore|x86.Build.0 = Release|x86
		{B33A5282-38E0-4D7F-B464-D545C1FF1F0E}.AppStore|x86.Deploy.0 = Release|x86
		{B33A5282-38E0-4D7F-B464-D545C1FF1F0E}.Debug|Any CPU.ActiveCfg = Debug|x86
		{B33A5282-38E0-4D7F-B464-D545C1FF1F0E}.Debug|ARM.ActiveCfg = Debug|ARM
		{B33A5282-38E0-4D7F-B464-D545C1FF1F0E}.Debug|ARM.Build.0 = Debug|ARM
		{B33A5282-38E0-4D7F-B464-D545C1FF1F0E}.Debug|ARM.Deploy.0 = Debug|ARM
		{B33A5282-38E0-4D7F-B464-D545C1FF1F0E}.Debug|iPhone.ActiveCfg = Debug|x86
		{B33A5282-38E0-4D7F-B464-D545C1FF1F0E}.Debug|iPhoneSimulator.ActiveCfg = Debug|x86
		{B33A5282-38E0-4D7F-B464-D545C1FF1F0E}.Debug|x64.ActiveCfg = Debug|x64
		{B33A5282-38E0-4D7F-B464-D545C1FF1F0E}.Debug|x64.Build.0 = Debug|x64
		{B33A5282-38E0-4D7F-B464-D545C1FF1F0E}.Debug|x64.Deploy.0 = Debug|x64
		{B33A5282-38E0-4D7F-B464-D545C1FF1F0E}.Debug|x86.ActiveCfg = Debug|x86
		{B33A5282-38E0-4D7F-B464-D545C1FF1F0E}.Debug|x86.Build.0 = Debug|x86
		{B33A5282-38E0-4D7F-B464-D545C1FF1F0E}.Debug|x86.Deploy.0 = Debug|x86
		{B33A5282-38E0-4D7F-B464-D545C1FF1F0E}.Release|Any CPU.ActiveCfg = Release|x86
		{B33A5282-38E0-4D7F-B464-D545C1FF1F0E}.Release|ARM.ActiveCfg = Release|ARM
		{B33A5282-38E0-4D7F-B464-D545C1FF1F0E}.Release|ARM.Build.0 = Release|ARM
		{B33A5282-38E0-4D7F-B464-D545C1FF1F0E}.Release|ARM.Deploy.0 = Release|ARM
		{B33A5282-38E0-4D7F-B464-D545C1FF1F0E}.Release|iPhone.ActiveCfg = Release|x86
		{B33A5282-38E0-4D7F-B464-D545C1FF1F0E}.Release|iPhoneSimulator.ActiveCfg = Release|x86
		{B33A5282-38E0-4D7F-B464-D545C1FF1F0E}.Release|x64.ActiveCfg = Release|x64
		{B33A5282-38E0-4D7F-B464-D545C1FF1F0E}.Release|x64.Build.0 = Release|x64
		{B33A5282-38E0-4D7F-B464-D545C1FF1F0E}.Release|x64.Deploy.0 = Release|x64
		{B33A5282-38E0-4D7F-B464-D545C1FF1F0E}.Release|x86.ActiveCfg = Release|x86
		{B33A5282-38E0-4D7F-B464-D545C1FF1F0E}.Release|x86.Build.0 = Release|x86
		{B33A5282-38E0-4D7F-B464-D545C1FF1F0E}.Release|x86.Deploy.0 = Release|x86
		{DA60418D-1F50-428B-B902-D765E1634F0C}.Ad-Hoc|Any CPU.ActiveCfg = Release|Any CPU
		{DA60418D-1F50-428B-B902-D765E1634F0C}.Ad-Hoc|Any CPU.Build.0 = Release|Any CPU
		{DA60418D-1F50-428B-B902-D765E1634F0C}.Ad-Hoc|Any CPU.Deploy.0 = Release|Any CPU
		{DA60418D-1F50-428B-B902-D765E1634F0C}.Ad-Hoc|ARM.ActiveCfg = Release|ARM
		{DA60418D-1F50-428B-B902-D765E1634F0C}.Ad-Hoc|ARM.Build.0 = Release|ARM
		{DA60418D-1F50-428B-B902-D765E1634F0C}.Ad-Hoc|ARM.Deploy.0 = Release|ARM
		{DA60418D-1F50-428B-B902-D765E1634F0C}.Ad-Hoc|iPhone.ActiveCfg = Release|Any CPU
		{DA60418D-1F50-428B-B902-D765E1634F0C}.Ad-Hoc|iPhone.Build.0 = Release|Any CPU
		{DA60418D-1F50-428B-B902-D765E1634F0C}.Ad-Hoc|iPhone.Deploy.0 = Release|Any CPU
		{DA60418D-1F50-428B-B902-D765E1634F0C}.Ad-Hoc|iPhoneSimulator.ActiveCfg = Release|Any CPU
		{DA60418D-1F50-428B-B902-D765E1634F0C}.Ad-Hoc|iPhoneSimulator.Build.0 = Release|Any CPU
		{DA60418D-1F50-428B-B902-D765E1634F0C}.Ad-Hoc|iPhoneSimulator.Deploy.0 = Release|Any CPU
		{DA60418D-1F50-428B-B902-D765E1634F0C}.Ad-Hoc|x64.ActiveCfg = Release|x64
		{DA60418D-1F50-428B-B902-D765E1634F0C}.Ad-Hoc|x64.Build.0 = Release|x64
		{DA60418D-1F50-428B-B902-D765E1634F0C}.Ad-Hoc|x64.Deploy.0 = Release|x64
		{DA60418D-1F50-428B-B902-D765E1634F0C}.Ad-Hoc|x86.ActiveCfg = Release|x86
		{DA60418D-1F50-428B-B902-D765E1634F0C}.Ad-Hoc|x86.Build.0 = Release|x86
		{DA60418D-1F50-428B-B902-D765E1634F0C}.Ad-Hoc|x86.Deploy.0 = Release|x86
		{DA60418D-1F50-428B-B902-D765E1634F0C}.AppStore|Any CPU.ActiveCfg = Release|Any CPU
		{DA60418D-1F50-428B-B902-D765E1634F0C}.AppStore|Any CPU.Build.0 = Release|Any CPU
		{DA60418D-1F50-428B-B902-D765E1634F0C}.AppStore|Any CPU.Deploy.0 = Release|Any CPU
		{DA60418D-1F50-428B-B902-D765E1634F0C}.AppStore|ARM.ActiveCfg = Release|ARM
		{DA60418D-1F50-428B-B902-D765E1634F0C}.AppStore|ARM.Build.0 = Release|ARM
		{DA60418D-1F50-428B-B902-D765E1634F0C}.AppStore|ARM.Deploy.0 = Release|ARM
		{DA60418D-1F50-428B-B902-D765E1634F0C}.AppStore|iPhone.ActiveCfg = Release|Any CPU
		{DA60418D-1F50-428B-B902-D765E1634F0C}.AppStore|iPhone.Build.0 = Release|Any CPU
		{DA60418D-1F50-428B-B902-D765E1634F0C}.AppStore|iPhone.Deploy.0 = Release|Any CPU
		{DA60418D-1F50-428B-B902-D765E1634F0C}.AppStore|iPhoneSimulator.ActiveCfg = Release|Any CPU
		{DA60418D-1F50-428B-B902-D765E1634F0C}.AppStore|iPhoneSimulator.Build.0 = Release|Any CPU
		{DA60418D-1F50-428B-B902-D765E1634F0C}.AppStore|iPhoneSimulator.Deploy.0 = Release|Any CPU
		{DA60418D-1F50-428B-B902-D765E1634F0C}.AppStore|x64.ActiveCfg = Release|x64
		{DA60418D-1F50-428B-B902-D765E1634F0C}.AppStore|x64.Build.0 = Release|x64
		{DA60418D-1F50-428B-B902-D765E1634F0C}.AppStore|x64.Deploy.0 = Release|x64
		{DA60418D-1F50-428B-B902-D765E1634F0C}.AppStore|x86.ActiveCfg = Release|x86
		{DA60418D-1F50-428B-B902-D765E1634F0C}.AppStore|x86.Build.0 = Release|x86
		{DA60418D-1F50-428B-B902-D765E1634F0C}.AppStore|x86.Deploy.0 = Release|x86
		{DA60418D-1F50-428B-B902-D765E1634F0C}.Debug|Any CPU.ActiveCfg = Debug|Any CPU
		{DA60418D-1F50-428B-B902-D765E1634F0C}.Debug|Any CPU.Build.0 = Debug|Any CPU
		{DA60418D-1F50-428B-B902-D765E1634F0C}.Debug|Any CPU.Deploy.0 = Debug|Any CPU
		{DA60418D-1F50-428B-B902-D765E1634F0C}.Debug|ARM.ActiveCfg = Debug|ARM
		{DA60418D-1F50-428B-B902-D765E1634F0C}.Debug|ARM.Build.0 = Debug|ARM
		{DA60418D-1F50-428B-B902-D765E1634F0C}.Debug|ARM.Deploy.0 = Debug|ARM
		{DA60418D-1F50-428B-B902-D765E1634F0C}.Debug|iPhone.ActiveCfg = Debug|Any CPU
		{DA60418D-1F50-428B-B902-D765E1634F0C}.Debug|iPhone.Build.0 = Debug|Any CPU
		{DA60418D-1F50-428B-B902-D765E1634F0C}.Debug|iPhone.Deploy.0 = Debug|Any CPU
		{DA60418D-1F50-428B-B902-D765E1634F0C}.Debug|iPhoneSimulator.ActiveCfg = Debug|Any CPU
		{DA60418D-1F50-428B-B902-D765E1634F0C}.Debug|iPhoneSimulator.Build.0 = Debug|Any CPU
		{DA60418D-1F50-428B-B902-D765E1634F0C}.Debug|iPhoneSimulator.Deploy.0 = Debug|Any CPU
		{DA60418D-1F50-428B-B902-D765E1634F0C}.Debug|x64.ActiveCfg = Debug|x64
		{DA60418D-1F50-428B-B902-D765E1634F0C}.Debug|x64.Build.0 = Debug|x64
		{DA60418D-1F50-428B-B902-D765E1634F0C}.Debug|x64.Deploy.0 = Debug|x64
		{DA60418D-1F50-428B-B902-D765E1634F0C}.Debug|x86.ActiveCfg = Debug|x86
		{DA60418D-1F50-428B-B902-D765E1634F0C}.Debug|x86.Build.0 = Debug|x86
		{DA60418D-1F50-428B-B902-D765E1634F0C}.Debug|x86.Deploy.0 = Debug|x86
		{DA60418D-1F50-428B-B902-D765E1634F0C}.Release|Any CPU.ActiveCfg = Release|Any CPU
		{DA60418D-1F50-428B-B902-D765E1634F0C}.Release|Any CPU.Build.0 = Release|Any CPU
		{DA60418D-1F50-428B-B902-D765E1634F0C}.Release|Any CPU.Deploy.0 = Release|Any CPU
		{DA60418D-1F50-428B-B902-D765E1634F0C}.Release|ARM.ActiveCfg = Release|ARM
		{DA60418D-1F50-428B-B902-D765E1634F0C}.Release|ARM.Build.0 = Release|ARM
		{DA60418D-1F50-428B-B902-D765E1634F0C}.Release|ARM.Deploy.0 = Release|ARM
		{DA60418D-1F50-428B-B902-D765E1634F0C}.Release|iPhone.ActiveCfg = Release|Any CPU
		{DA60418D-1F50-428B-B902-D765E1634F0C}.Release|iPhone.Build.0 = Release|Any CPU
		{DA60418D-1F50-428B-B902-D765E1634F0C}.Release|iPhone.Deploy.0 = Release|Any CPU
		{DA60418D-1F50-428B-B902-D765E1634F0C}.Release|iPhoneSimulator.ActiveCfg = Release|Any CPU
		{DA60418D-1F50-428B-B902-D765E1634F0C}.Release|iPhoneSimulator.Build.0 = Release|Any CPU
		{DA60418D-1F50-428B-B902-D765E1634F0C}.Release|iPhoneSimulator.Deploy.0 = Release|Any CPU
		{DA60418D-1F50-428B-B902-D765E1634F0C}.Release|x64.ActiveCfg = Release|x64
		{DA60418D-1F50-428B-B902-D765E1634F0C}.Release|x64.Build.0 = Release|x64
		{DA60418D-1F50-428B-B902-D765E1634F0C}.Release|x64.Deploy.0 = Release|x64
		{DA60418D-1F50-428B-B902-D765E1634F0C}.Release|x86.ActiveCfg = Release|x86
		{DA60418D-1F50-428B-B902-D765E1634F0C}.Release|x86.Build.0 = Release|x86
		{DA60418D-1F50-428B-B902-D765E1634F0C}.Release|x86.Deploy.0 = Release|x86
	EndGlobalSection
	GlobalSection(SolutionProperties) = preSolution
		HideSolutionNode = FALSE
	EndGlobalSection
EndGlobal
